
Microsoft Visual Studio Solution File, Format Version 12.00
# Visual Studio Version 17
VisualStudioVersion = 17.1.32319.34
MinimumVisualStudioVersion = 10.0.40219.1
Project("{9A19103F-16F7-4668-BE54-9A1E7A4F7556}") = "Ajuna.AspNetCore", "Ajuna.AspNetCore\Ajuna.AspNetCore.csproj", "{7177525C-B443-43EE-A319-17C85E0252DB}"
EndProject
Project("{9A19103F-16F7-4668-BE54-9A1E7A4F7556}") = "Ajuna.ServiceLayer", "Ajuna.ServiceLayer\Ajuna.ServiceLayer.csproj", "{63B5C570-9009-4BBF-95A1-DE7C2FE3AC4E}"
EndProject
Project("{2150E333-8FDC-42A3-9474-1A3956D46DE8}") = "Tools", "Tools", "{50BA7457-5486-403C-9BF8-960D45E41596}"
EndProject
Project("{9A19103F-16F7-4668-BE54-9A1E7A4F7556}") = "Ajuna.ServiceLayer.Model", "Ajuna.ServiceLayer.Model\Ajuna.ServiceLayer.Model.csproj", "{37867865-7C62-4797-908F-FC151C91A4AD}"
EndProject
Project("{9A19103F-16F7-4668-BE54-9A1E7A4F7556}") = "Ajuna.DotNet", "Tools\Ajuna.DotNet\Ajuna.DotNet.csproj", "{0A0D875B-87F6-4C76-B27A-3FA8A60DBE73}"
EndProject
Project("{9A19103F-16F7-4668-BE54-9A1E7A4F7556}") = "Ajuna.DotNet.Template", "Tools\Ajuna.DotNet.Template\Ajuna.DotNet.Template.csproj", "{CD4C2D2D-021A-4DC0-8365-5276A63B2D96}"
EndProject
Project("{2150E333-8FDC-42A3-9474-1A3956D46DE8}") = "bin", "bin", "{8CEDAA6E-0184-4D33-8CB3-0B2F486EBD3F}"
EndProject
Project("{2150E333-8FDC-42A3-9474-1A3956D46DE8}") = "Debug", "Debug", "{1DBF09F8-70E7-4518-BB02-FE0C84A4C401}"
EndProject
Project("{2150E333-8FDC-42A3-9474-1A3956D46DE8}") = "net6.0", "net6.0", "{7D7B269F-F0D9-4DB2-B198-81FB7EA14AD7}"
EndProject
Project("{9A19103F-16F7-4668-BE54-9A1E7A4F7556}") = "AjunaNET.RestService", "Tools\Ajuna.DotNet\bin\Debug\net6.0\AjunaNET.RestService\AjunaNET.RestService.csproj", "{16AA3AB6-31BB-4BCC-A430-07C3B2FB7518}"
EndProject
Project("{9A19103F-16F7-4668-BE54-9A1E7A4F7556}") = "AjunaNET.NetApiExt", "Tools\Ajuna.DotNet\bin\Debug\net6.0\AjunaNET.NetApiExt\AjunaNET.NetApiExt.csproj", "{8773246B-13C7-4C13-AB59-85E9685EC518}"
EndProject
Project("{9A19103F-16F7-4668-BE54-9A1E7A4F7556}") = "AjunaNET.RestClient", "Tools\Ajuna.DotNet\bin\Debug\net6.0\AjunaNET.RestClient\AjunaNET.RestClient.csproj", "{A6348017-1CBD-4EB3-A0B4-2834441B01EC}"
EndProject
Project("{9A19103F-16F7-4668-BE54-9A1E7A4F7556}") = "AjunaNET.RestClient.Mockup", "Tools\Ajuna.DotNet\bin\Debug\net6.0\AjunaNET.RestClient.Mockup\AjunaNET.RestClient.Mockup.csproj", "{FEF24E2F-D140-4A95-86B3-EB203BB0B378}"
EndProject
Project("{9A19103F-16F7-4668-BE54-9A1E7A4F7556}") = "AjunaNET.RestClient.Test", "Tools\Ajuna.DotNet\bin\Debug\net6.0\AjunaNET.RestClient.Test\AjunaNET.RestClient.Test.csproj", "{8ABAAF0D-D837-464C-9FDE-CC0DEFFBE7A4}"
EndProject
Global
	GlobalSection(SolutionConfigurationPlatforms) = preSolution
		Debug|Any CPU = Debug|Any CPU
		Release|Any CPU = Release|Any CPU
	EndGlobalSection
	GlobalSection(ProjectConfigurationPlatforms) = postSolution
		{7177525C-B443-43EE-A319-17C85E0252DB}.Debug|Any CPU.ActiveCfg = Debug|Any CPU
		{7177525C-B443-43EE-A319-17C85E0252DB}.Debug|Any CPU.Build.0 = Debug|Any CPU
		{7177525C-B443-43EE-A319-17C85E0252DB}.Release|Any CPU.ActiveCfg = Release|Any CPU
		{7177525C-B443-43EE-A319-17C85E0252DB}.Release|Any CPU.Build.0 = Release|Any CPU
		{63B5C570-9009-4BBF-95A1-DE7C2FE3AC4E}.Debug|Any CPU.ActiveCfg = Debug|Any CPU
		{63B5C570-9009-4BBF-95A1-DE7C2FE3AC4E}.Debug|Any CPU.Build.0 = Debug|Any CPU
		{63B5C570-9009-4BBF-95A1-DE7C2FE3AC4E}.Release|Any CPU.ActiveCfg = Release|Any CPU
		{63B5C570-9009-4BBF-95A1-DE7C2FE3AC4E}.Release|Any CPU.Build.0 = Release|Any CPU
		{37867865-7C62-4797-908F-FC151C91A4AD}.Debug|Any CPU.ActiveCfg = Debug|Any CPU
		{37867865-7C62-4797-908F-FC151C91A4AD}.Debug|Any CPU.Build.0 = Debug|Any CPU
		{37867865-7C62-4797-908F-FC151C91A4AD}.Release|Any CPU.ActiveCfg = Release|Any CPU
		{37867865-7C62-4797-908F-FC151C91A4AD}.Release|Any CPU.Build.0 = Release|Any CPU
		{0A0D875B-87F6-4C76-B27A-3FA8A60DBE73}.Debug|Any CPU.ActiveCfg = Debug|Any CPU
		{0A0D875B-87F6-4C76-B27A-3FA8A60DBE73}.Debug|Any CPU.Build.0 = Debug|Any CPU
		{0A0D875B-87F6-4C76-B27A-3FA8A60DBE73}.Release|Any CPU.ActiveCfg = Release|Any CPU
		{0A0D875B-87F6-4C76-B27A-3FA8A60DBE73}.Release|Any CPU.Build.0 = Release|Any CPU
		{CD4C2D2D-021A-4DC0-8365-5276A63B2D96}.Debug|Any CPU.ActiveCfg = Debug|Any CPU
		{CD4C2D2D-021A-4DC0-8365-5276A63B2D96}.Debug|Any CPU.Build.0 = Debug|Any CPU
		{CD4C2D2D-021A-4DC0-8365-5276A63B2D96}.Release|Any CPU.ActiveCfg = Release|Any CPU
		{CD4C2D2D-021A-4DC0-8365-5276A63B2D96}.Release|Any CPU.Build.0 = Release|Any CPU
		{16AA3AB6-31BB-4BCC-A430-07C3B2FB7518}.Debug|Any CPU.ActiveCfg = Debug|Any CPU
		{16AA3AB6-31BB-4BCC-A430-07C3B2FB7518}.Debug|Any CPU.Build.0 = Debug|Any CPU
		{16AA3AB6-31BB-4BCC-A430-07C3B2FB7518}.Release|Any CPU.ActiveCfg = Release|Any CPU
		{16AA3AB6-31BB-4BCC-A430-07C3B2FB7518}.Release|Any CPU.Build.0 = Release|Any CPU
		{8773246B-13C7-4C13-AB59-85E9685EC518}.Debug|Any CPU.ActiveCfg = Debug|Any CPU
		{8773246B-13C7-4C13-AB59-85E9685EC518}.Debug|Any CPU.Build.0 = Debug|Any CPU
		{8773246B-13C7-4C13-AB59-85E9685EC518}.Release|Any CPU.ActiveCfg = Release|Any CPU
		{8773246B-13C7-4C13-AB59-85E9685EC518}.Release|Any CPU.Build.0 = Release|Any CPU
		{A6348017-1CBD-4EB3-A0B4-2834441B01EC}.Debug|Any CPU.ActiveCfg = Debug|Any CPU
		{A6348017-1CBD-4EB3-A0B4-2834441B01EC}.Debug|Any CPU.Build.0 = Debug|Any CPU
		{A6348017-1CBD-4EB3-A0B4-2834441B01EC}.Release|Any CPU.ActiveCfg = Release|Any CPU
		{A6348017-1CBD-4EB3-A0B4-2834441B01EC}.Release|Any CPU.Build.0 = Release|Any CPU
		{FEF24E2F-D140-4A95-86B3-EB203BB0B378}.Debug|Any CPU.ActiveCfg = Debug|Any CPU
		{FEF24E2F-D140-4A95-86B3-EB203BB0B378}.Debug|Any CPU.Build.0 = Debug|Any CPU
		{FEF24E2F-D140-4A95-86B3-EB203BB0B378}.Release|Any CPU.ActiveCfg = Release|Any CPU
		{FEF24E2F-D140-4A95-86B3-EB203BB0B378}.Release|Any CPU.Build.0 = Release|Any CPU
		{8ABAAF0D-D837-464C-9FDE-CC0DEFFBE7A4}.Debug|Any CPU.ActiveCfg = Debug|Any CPU
		{8ABAAF0D-D837-464C-9FDE-CC0DEFFBE7A4}.Debug|Any CPU.Build.0 = Debug|Any CPU
		{8ABAAF0D-D837-464C-9FDE-CC0DEFFBE7A4}.Release|Any CPU.ActiveCfg = Release|Any CPU
		{8ABAAF0D-D837-464C-9FDE-CC0DEFFBE7A4}.Release|Any CPU.Build.0 = Release|Any CPU
	EndGlobalSection
	GlobalSection(SolutionProperties) = preSolution
		HideSolutionNode = FALSE
	EndGlobalSection
	GlobalSection(NestedProjects) = preSolution
		{0A0D875B-87F6-4C76-B27A-3FA8A60DBE73} = {50BA7457-5486-403C-9BF8-960D45E41596}
		{CD4C2D2D-021A-4DC0-8365-5276A63B2D96} = {50BA7457-5486-403C-9BF8-960D45E41596}
		{1DBF09F8-70E7-4518-BB02-FE0C84A4C401} = {8CEDAA6E-0184-4D33-8CB3-0B2F486EBD3F}
		{7D7B269F-F0D9-4DB2-B198-81FB7EA14AD7} = {1DBF09F8-70E7-4518-BB02-FE0C84A4C401}
		{16AA3AB6-31BB-4BCC-A430-07C3B2FB7518} = {7D7B269F-F0D9-4DB2-B198-81FB7EA14AD7}
		{8773246B-13C7-4C13-AB59-85E9685EC518} = {7D7B269F-F0D9-4DB2-B198-81FB7EA14AD7}
		{A6348017-1CBD-4EB3-A0B4-2834441B01EC} = {7D7B269F-F0D9-4DB2-B198-81FB7EA14AD7}
		{FEF24E2F-D140-4A95-86B3-EB203BB0B378} = {7D7B269F-F0D9-4DB2-B198-81FB7EA14AD7}
		{8ABAAF0D-D837-464C-9FDE-CC0DEFFBE7A4} = {7D7B269F-F0D9-4DB2-B198-81FB7EA14AD7}
	EndGlobalSection
	GlobalSection(ExtensibilityGlobals) = postSolution
		SolutionGuid = {52EC630C-541A-4A51-B8E0-B6BEDCD0ADCC}
	EndGlobalSection
EndGlobal
